
Microsoft Visual Studio Solution File, Format Version 12.00
# Visual Studio Version 17
VisualStudioVersion = 17.11.35312.102
MinimumVisualStudioVersion = 10.0.40219.1
Project("{FAE04EC0-301F-11D3-BF4B-00C04F79EFBC}") = "MVC", "MVC\MVC.csproj", "{71D5E5B4-B09E-42BD-8F5D-6F06C1374FF8}"
EndProject
Project("{FAE04EC0-301F-11D3-BF4B-00C04F79EFBC}") = "BLL", "BLL\BLL.csproj", "{F7E7E3F1-9A71-4975-85CF-7EC6D81A8193}"
EndProject
Global
	GlobalSection(SolutionConfigurationPlatforms) = preSolution
		Debug|Any CPU = Debug|Any CPU
		Release|Any CPU = Release|Any CPU
	EndGlobalSection
	GlobalSection(ProjectConfigurationPlatforms) = postSolution
		{71D5E5B4-B09E-42BD-8F5D-6F06C1374FF8}.Debug|Any CPU.ActiveCfg = Debug|Any CPU
		{71D5E5B4-B09E-42BD-8F5D-6F06C1374FF8}.Debug|Any CPU.Build.0 = Debug|Any CPU
		{71D5E5B4-B09E-42BD-8F5D-6F06C1374FF8}.Release|Any CPU.ActiveCfg = Release|Any CPU
		{71D5E5B4-B09E-42BD-8F5D-6F06C1374FF8}.Release|Any CPU.Build.0 = Release|Any CPU
		{F7E7E3F1-9A71-4975-85CF-7EC6D81A8193}.Debug|Any CPU.ActiveCfg = Debug|Any CPU
		{F7E7E3F1-9A71-4975-85CF-7EC6D81A8193}.Debug|Any CPU.Build.0 = Debug|Any CPU
		{F7E7E3F1-9A71-4975-85CF-7EC6D81A8193}.Release|Any CPU.ActiveCfg = Release|Any CPU
		{F7E7E3F1-9A71-4975-85CF-7EC6D81A8193}.Release|Any CPU.Build.0 = Release|Any CPU
	EndGlobalSection
	GlobalSection(SolutionProperties) = preSolution
		HideSolutionNode = FALSE
	EndGlobalSection
	GlobalSection(ExtensibilityGlobals) = postSolution
		SolutionGuid = {E8F1588E-E6EB-4CCC-91A5-35FCFA4A8A01}
	EndGlobalSection
EndGlobal
